
Microsoft Visual Studio Solution File, Format Version 12.00
# Visual Studio Version 17
VisualStudioVersion = 17.8.34330.188
MinimumVisualStudioVersion = 10.0.40219.1
Project("{FAE04EC0-301F-11D3-BF4B-00C04F79EFBC}") = "mod2_les8_task2", "mod2_les8_task2\mod2_les8_task2.csproj", "{486E7F2D-F021-4C98-A179-D46F0FF8DA18}"
EndProject
Global
	GlobalSection(SolutionConfigurationPlatforms) = preSolution
		Debug|Any CPU = Debug|Any CPU
		Release|Any CPU = Release|Any CPU
	EndGlobalSection
	GlobalSection(ProjectConfigurationPlatforms) = postSolution
		{486E7F2D-F021-4C98-A179-D46F0FF8DA18}.Debug|Any CPU.ActiveCfg = Debug|Any CPU
		{486E7F2D-F021-4C98-A179-D46F0FF8DA18}.Debug|Any CPU.Build.0 = Debug|Any CPU
		{486E7F2D-F021-4C98-A179-D46F0FF8DA18}.Release|Any CPU.ActiveCfg = Release|Any CPU
		{486E7F2D-F021-4C98-A179-D46F0FF8DA18}.Release|Any CPU.Build.0 = Release|Any CPU
	EndGlobalSection
	GlobalSection(SolutionProperties) = preSolution
		HideSolutionNode = FALSE
	EndGlobalSection
	GlobalSection(ExtensibilityGlobals) = postSolution
		SolutionGuid = {00EC932C-EC19-4A06-BB3B-A35408933621}
	EndGlobalSection
EndGlobal
